<?xml version="1.0" encoding="utf-8"?>
<Project ToolsVersion="4.0" xmlns="http://schemas.microsoft.com/developer/msbuild/2003">
  <ItemGroup>
    <Filter Include="Source Files">
      <UniqueIdentifier>{4FC737F1-C7A5-4376-A066-2A32D752A2FF}</UniqueIdentifier>
      <Extensions>cpp;c;cxx;def;odl;idl;hpj;bat;asm;asmx</Extensions>
    </Filter>
    <Filter Include="Source Files\core">
      <UniqueIdentifier>{7748bd02-0412-4516-9739-ab6bf6623144}</UniqueIdentifier>
    </Filter>
    <Filter Include="Header Files">
      <UniqueIdentifier>{93995380-89BD-4b04-88EB-625FBE52EBFB}</UniqueIdentifier>
      <Extensions>h;hpp;hxx;hm;inl;inc;xsd</Extensions>
    </Filter>
    <Filter Include="Header Files\core">
      <UniqueIdentifier>{2cc2c943-f2ad-4804-816b-8f36fef5c89e}</UniqueIdentifier>
    </Filter>
    <Filter Include="Resource Files">
      <UniqueIdentifier>{67DA6AB6-F800-4c08-8B7A-83BB121AAD01}</UniqueIdentifier>
      <Extensions>rc;ico;cur;bmp;dlg;rc2;rct;bin;rgs;gif;jpg;jpeg;jpe;resx</Extensions>
    </Filter>
  </ItemGroup>
  <ItemGroup>
    <ClCompile Include="Dxinput.cpp">
      <Filter>Source Files</Filter>
    </ClCompile>
    <ClCompile Include="FFT.cpp">
      <Filter>Source Files</Filter>
    </ClCompile>
    <ClCompile Include="fft2.cpp">
      <Filter>Source Files</Filter>
    </ClCompile>
    <ClCompile Include="fft2ps.cpp">
      <Filter>Source Files</Filter>
    </ClCompile>
    <ClCompile Include="FFT3dGPU.cpp">
      <Filter>Source Files</Filter>
    </ClCompile>
    <ClCompile Include="FFTps.cpp">
      <Filter>Source Files</Filter>
    </ClCompile>
    <ClCompile Include="filters.cpp">
      <Filter>Source Files</Filter>
    </ClCompile>
    <ClCompile Include="filtersps.cpp">
      <Filter>Source Files</Filter>
    </ClCompile>
    <ClCompile Include="GPUCache.cpp">
      <Filter>Source Files</Filter>
    </ClCompile>
    <ClCompile Include="stdafx.cpp">
      <Filter>Source Files</Filter>
    </ClCompile>
    <ClCompile Include="TexturePool.cpp">
      <Filter>Source Files</Filter>
    </ClCompile>
    <ClCompile Include="core\Debug class.cpp">
      <Filter>Source Files\core</Filter>
    </ClCompile>
    <ClCompile Include="core\getdxver.cpp">
      <Filter>Source Files\core</Filter>
    </ClCompile>
    <ClCompile Include="core\ManageDirect3DWindow.cpp">
      <Filter>Source Files\core</Filter>
    </ClCompile>
    <ClCompile Include="core\pixelshader.cpp">
      <Filter>Source Files\core</Filter>
    </ClCompile>
    <ClCompile Include="core\shader.cpp">
      <Filter>Source Files\core</Filter>
    </ClCompile>
    <ClCompile Include="core\texture.cpp">
      <Filter>Source Files\core</Filter>
    </ClCompile>
    <ClCompile Include="core\vertexbuffer.cpp">
      <Filter>Source Files\core</Filter>
    </ClCompile>
    <ClCompile Include="core\vertexshader.cpp">
      <Filter>Source Files\core</Filter>
    </ClCompile>
  </ItemGroup>
  <ItemGroup>
    <ClInclude Include="avisynth.h">
      <Filter>Header Files</Filter>
    </ClInclude>
    <ClInclude Include="Dxinput.h">
      <Filter>Header Files</Filter>
    </ClInclude>
    <ClInclude Include="FFT.h">
      <Filter>Header Files</Filter>
    </ClInclude>
    <ClInclude Include="fft2.h">
      <Filter>Header Files</Filter>
    </ClInclude>
    <ClInclude Include="fft2ps.h">
      <Filter>Header Files</Filter>
    </ClInclude>
    <ClInclude Include="FFT3dGPU.h">
      <Filter>Header Files</Filter>
    </ClInclude>
    <ClInclude Include="FFTps.h">
      <Filter>Header Files</Filter>
    </ClInclude>
    <ClInclude Include="filters.h">
      <Filter>Header Files</Filter>
    </ClInclude>
    <ClInclude Include="filtersps.h">
      <Filter>Header Files</Filter>
    </ClInclude>
    <ClInclude Include="GPUCache.h">
      <Filter>Header Files</Filter>
    </ClInclude>
    <ClInclude Include="resource.h">
      <Filter>Header Files</Filter>
    </ClInclude>
    <ClInclude Include="stdafx.h">
      <Filter>Header Files</Filter>
    </ClInclude>
    <ClInclude Include="TexturePool.h">
      <Filter>Header Files</Filter>
    </ClInclude>
    <ClInclude Include="core\Debug class.h">
      <Filter>Header Files\core</Filter>
    </ClInclude>
    <ClInclude Include="core\ManageDirect3DWindow.h">
      <Filter>Header Files\core</Filter>
    </ClInclude>
    <ClInclude Include="core\pixelshader.h">
      <Filter>Header Files\core</Filter>
    </ClInclude>
    <ClInclude Include="core\shader.h">
      <Filter>Header Files\core</Filter>
    </ClInclude>
    <ClInclude Include="core\texture.h">
      <Filter>Header Files\core</Filter>
    </ClInclude>
    <ClInclude Include="core\vertexbuffer.h">
      <Filter>Header Files\core</Filter>
    </ClInclude>
    <ClInclude Include="core\vertexshader.h">
      <Filter>Header Files\core</Filter>
    </ClInclude>
  </ItemGroup>
  <ItemGroup>
    <ResourceCompile Include="fft3dgpu.rc">
      <Filter>Resource Files</Filter>
    </ResourceCompile>
  </ItemGroup>
  <ItemGroup>
    <None Include="fft3dgpu.htm" />
    <None Include="test.avs" />
  </ItemGroup>
  <ItemGroup>
    <Text Include="fft3dgpu.txt" />
  </ItemGroup>
  <ItemGroup>
    <CustomBuild Include="fft3dgpu.hlsl" />
  </ItemGroup>
</Project>